Microsoft Visual Studio Solution File, Format Version 8.00
Project("{8BC9CEB8-8B4A-11D0-8D11-00A0C91BC942}") = "createCoverage", "createCoverage.vcproj", "{3BD83FB7-80E0-4B98-BB25-F40B27FD544C}"
	ProjectSection(ProjectDependencies) = postProject
		{1253197A-5710-4924-9706-6449C0C32FE9} = {1253197A-5710-4924-9706-6449C0C32FE9}
		{BEDDDA8D-9821-4B3F-AD36-2B1AACE3572C} = {BEDDDA8D-9821-4B3F-AD36-2B1AACE3572C}
		{DD1ADACD-7990-4793-9952-25197394954A} = {DD1ADACD-7990-4793-9952-25197394954A}
	EndProjectSection
EndProject
Project("{8BC9CEB8-8B4A-11D0-8D11-00A0C91BC942}") = "terralib", "..\..\terralibw\terralib\terralib.vcproj", "{1253197A-5710-4924-9706-6449C0C32FE9}"
	ProjectSection(ProjectDependencies) = postProject
		{BEDDDA8D-9821-4B3F-AD36-2B1AACE3572C} = {BEDDDA8D-9821-4B3F-AD36-2B1AACE3572C}
		{DD1ADACD-7990-4793-9952-25197394954A} = {DD1ADACD-7990-4793-9952-25197394954A}
	EndProjectSection
EndProject
Project("{8BC9CEB8-8B4A-11D0-8D11-00A0C91BC942}") = "libjpeg", "..\..\terralibw\libjpeg\libjpeg.vcproj", "{BEDDDA8D-9821-4B3F-AD36-2B1AACE3572C}"
	ProjectSection(ProjectDependencies) = postProject
	EndProjectSection
EndProject
Project("{8BC9CEB8-8B4A-11D0-8D11-00A0C91BC942}") = "tiff", "..\..\terralibw\tiff\tiff.vcproj", "{DD1ADACD-7990-4793-9952-25197394954A}"
	ProjectSection(ProjectDependencies) = postProject
	EndProjectSection
EndProject
Global
	GlobalSection(SolutionConfiguration) = preSolution
		Debug = Debug
		Release = Release
	EndGlobalSection
	GlobalSection(ProjectConfiguration) = postSolution
		{3BD83FB7-80E0-4B98-BB25-F40B27FD544C}.Debug.ActiveCfg = Debug|Win32
		{3BD83FB7-80E0-4B98-BB25-F40B27FD544C}.Debug.Build.0 = Debug|Win32
		{3BD83FB7-80E0-4B98-BB25-F40B27FD544C}.Release.ActiveCfg = Release|Win32
		{3BD83FB7-80E0-4B98-BB25-F40B27FD544C}.Release.Build.0 = Release|Win32
		{1253197A-5710-4924-9706-6449C0C32FE9}.Debug.ActiveCfg = Debug|Win32
		{1253197A-5710-4924-9706-6449C0C32FE9}.Debug.Build.0 = Debug|Win32
		{1253197A-5710-4924-9706-6449C0C32FE9}.Release.ActiveCfg = Release|Win32
		{1253197A-5710-4924-9706-6449C0C32FE9}.Release.Build.0 = Release|Win32
		{BEDDDA8D-9821-4B3F-AD36-2B1AACE3572C}.Debug.ActiveCfg = Debug|Win32
		{BEDDDA8D-9821-4B3F-AD36-2B1AACE3572C}.Debug.Build.0 = Debug|Win32
		{BEDDDA8D-9821-4B3F-AD36-2B1AACE3572C}.Release.ActiveCfg = Release|Win32
		{BEDDDA8D-9821-4B3F-AD36-2B1AACE3572C}.Release.Build.0 = Release|Win32
		{DD1ADACD-7990-4793-9952-25197394954A}.Debug.ActiveCfg = Debug|Win32
		{DD1ADACD-7990-4793-9952-25197394954A}.Debug.Build.0 = Debug|Win32
		{DD1ADACD-7990-4793-9952-25197394954A}.Release.ActiveCfg = Release|Win32
		{DD1ADACD-7990-4793-9952-25197394954A}.Release.Build.0 = Release|Win32
	EndGlobalSection
	GlobalSection(ExtensibilityGlobals) = postSolution
	EndGlobalSection
	GlobalSection(ExtensibilityAddIns) = postSolution
	EndGlobalSection
EndGlobal
